// !$*UTF8*$!
{
	archiveVersion = 1;
	classes = {
	};
	objectVersion = 56;
	objects = {

/* Begin PBXBuildFile section */
		3027A0162C1DF36D00CDA060 /* GoogleService-Info.plist in Resources */ = {isa = PBXBuildFile; fileRef = 3027A0152C1DF36D00CDA060 /* GoogleService-Info.plist */; };
		3027A0182C1DF41600CDA060 /* Register Page.swift in Sources */ = {isa = PBXBuildFile; fileRef = 3027A0172C1DF41600CDA060 /* Register Page.swift */; };
		3027A01C2C1DF7D900CDA060 /* Home Page.swift in Sources */ = {isa = PBXBuildFile; fileRef = 3027A01B2C1DF7D900CDA060 /* Home Page.swift */; };
		3027A01F2C1DFC8F00CDA060 /* Side Menu.swift in Sources */ = {isa = PBXBuildFile; fileRef = 3027A01E2C1DFC8F00CDA060 /* Side Menu.swift */; };
		3027A0212C1DFC9600CDA060 /* Side Menu Row.swift in Sources */ = {isa = PBXBuildFile; fileRef = 3027A0202C1DFC9600CDA060 /* Side Menu Row.swift */; };
		3027A0242C1DFCB100CDA060 /* Side Menu Option Model.swift in Sources */ = {isa = PBXBuildFile; fileRef = 3027A0232C1DFCB100CDA060 /* Side Menu Option Model.swift */; };
		3027A02F2C1DFDB800CDA060 /* Favorites Page.swift in Sources */ = {isa = PBXBuildFile; fileRef = 3027A02E2C1DFDB800CDA060 /* Favorites Page.swift */; };
		3027A0322C1DFDDC00CDA060 /* Search Page.swift in Sources */ = {isa = PBXBuildFile; fileRef = 3027A0312C1DFDDC00CDA060 /* Search Page.swift */; };
		3027A0372C1DFE2800CDA060 /* World Skills Page.swift in Sources */ = {isa = PBXBuildFile; fileRef = 3027A0362C1DFE2800CDA060 /* World Skills Page.swift */; };
		3027A03A2C1DFE3E00CDA060 /* True Skill Page.swift in Sources */ = {isa = PBXBuildFile; fileRef = 3027A0392C1DFE3E00CDA060 /* True Skill Page.swift */; };
		3027A0402C1DFE7600CDA060 /* Chat List Page.swift in Sources */ = {isa = PBXBuildFile; fileRef = 3027A03F2C1DFE7600CDA060 /* Chat List Page.swift */; };
		3027A0462C1DFEB100CDA060 /* Settings Page.swift in Sources */ = {isa = PBXBuildFile; fileRef = 3027A0452C1DFEB100CDA060 /* Settings Page.swift */; };
		3027A0492C1DFF5200CDA060 /* RequestWorldSkills.swift in Sources */ = {isa = PBXBuildFile; fileRef = 3027A0482C1DFF5200CDA060 /* RequestWorldSkills.swift */; };
		3027A04B2C1DFF9A00CDA060 /* World Skills Model.swift in Sources */ = {isa = PBXBuildFile; fileRef = 3027A04A2C1DFF9A00CDA060 /* World Skills Model.swift */; };
		3027A04E2C1E4D3300CDA060 /* Event Component.swift in Sources */ = {isa = PBXBuildFile; fileRef = 3027A04D2C1E4D3300CDA060 /* Event Component.swift */; };
		3027A0502C1E4D5700CDA060 /* Team Component.swift in Sources */ = {isa = PBXBuildFile; fileRef = 3027A04F2C1E4D5700CDA060 /* Team Component.swift */; };
		3027A0532C1E4E8300CDA060 /* Search Request.swift in Sources */ = {isa = PBXBuildFile; fileRef = 3027A0522C1E4E8300CDA060 /* Search Request.swift */; };
		3027A0552C1E500800CDA060 /* Events Model.swift in Sources */ = {isa = PBXBuildFile; fileRef = 3027A0542C1E500800CDA060 /* Events Model.swift */; };
		3027A0592C27AEAB00CDA060 /* Event Home Page.swift in Sources */ = {isa = PBXBuildFile; fileRef = 3027A0582C27AEAB00CDA060 /* Event Home Page.swift */; };
		3027A05B2C28B97400CDA060 /* Event Teams Page.swift in Sources */ = {isa = PBXBuildFile; fileRef = 3027A05A2C28B97400CDA060 /* Event Teams Page.swift */; };
		3027A05E2C28CEF600CDA060 /* Event Teams Model.swift in Sources */ = {isa = PBXBuildFile; fileRef = 3027A05D2C28CEF600CDA060 /* Event Teams Model.swift */; };
		307480922C46F93300CF2EA5 /* Edit Note Page.swift in Sources */ = {isa = PBXBuildFile; fileRef = 307480912C46F93300CF2EA5 /* Edit Note Page.swift */; };
		307480972C47952F00CF2EA5 /* Create Chat Component.swift in Sources */ = {isa = PBXBuildFile; fileRef = 307480962C47952F00CF2EA5 /* Create Chat Component.swift */; };
		307480992C4830DE00CF2EA5 /* Chat Texting Page.swift in Sources */ = {isa = PBXBuildFile; fileRef = 307480982C4830DE00CF2EA5 /* Chat Texting Page.swift */; };
		309E83FE2C1CE1A7004CDECF /* ScoutVRCApp.swift in Sources */ = {isa = PBXBuildFile; fileRef = 309E83FD2C1CE1A7004CDECF /* ScoutVRCApp.swift */; };
		309E84002C1CE1A7004CDECF /* ContentView.swift in Sources */ = {isa = PBXBuildFile; fileRef = 309E83FF2C1CE1A7004CDECF /* ContentView.swift */; };
		309E84022C1CE1A9004CDECF /* Assets.xcassets in Resources */ = {isa = PBXBuildFile; fileRef = 309E84012C1CE1A9004CDECF /* Assets.xcassets */; };
		309E84062C1CE1A9004CDECF /* Preview Assets.xcassets in Resources */ = {isa = PBXBuildFile; fileRef = 309E84052C1CE1A9004CDECF /* Preview Assets.xcassets */; };
		309E84122C1CE395004CDECF /* FirebaseAuth in Frameworks */ = {isa = PBXBuildFile; productRef = 309E84112C1CE395004CDECF /* FirebaseAuth */; };
		309E84142C1CE395004CDECF /* FirebaseFirestore in Frameworks */ = {isa = PBXBuildFile; productRef = 309E84132C1CE395004CDECF /* FirebaseFirestore */; };
		309E84162C1CE395004CDECF /* FirebaseFirestoreSwift in Frameworks */ = {isa = PBXBuildFile; productRef = 309E84152C1CE395004CDECF /* FirebaseFirestoreSwift */; };
		309E84182C1CE395004CDECF /* FirebaseStorage in Frameworks */ = {isa = PBXBuildFile; productRef = 309E84172C1CE395004CDECF /* FirebaseStorage */; };
		309E841E2C1CE760004CDECF /* Login Page.swift in Sources */ = {isa = PBXBuildFile; fileRef = 309E841D2C1CE760004CDECF /* Login Page.swift */; };
		309E84212C1CE82D004CDECF /* Toggle Pages.swift in Sources */ = {isa = PBXBuildFile; fileRef = 309E84202C1CE82D004CDECF /* Toggle Pages.swift */; };
		309E84232C1CE851004CDECF /* Auth Manager.swift in Sources */ = {isa = PBXBuildFile; fileRef = 309E84222C1CE851004CDECF /* Auth Manager.swift */; };
		30A0C8892C34A52F00D491B2 /* Event Skills Page.swift in Sources */ = {isa = PBXBuildFile; fileRef = 30A0C8882C34A52F00D491B2 /* Event Skills Page.swift */; };
		30A0C88B2C35FC0500D491B2 /* Event Skills Model.swift in Sources */ = {isa = PBXBuildFile; fileRef = 30A0C88A2C35FC0500D491B2 /* Event Skills Model.swift */; };
		30D528952C64394B001C90BC /* Searched Events Model.swift in Sources */ = {isa = PBXBuildFile; fileRef = 30D528942C64394B001C90BC /* Searched Events Model.swift */; };
		30F900F12C3C9286000FAA16 /* Event Awards Page.swift in Sources */ = {isa = PBXBuildFile; fileRef = 30F900F02C3C9286000FAA16 /* Event Awards Page.swift */; };
		30F900F32C3C94B8000FAA16 /* Event Awards Model.swift in Sources */ = {isa = PBXBuildFile; fileRef = 30F900F22C3C94B8000FAA16 /* Event Awards Model.swift */; };
		30F900F62C3F0595000FAA16 /* Division Tab View.swift in Sources */ = {isa = PBXBuildFile; fileRef = 30F900F52C3F0595000FAA16 /* Division Tab View.swift */; };
		30F900F82C3F0676000FAA16 /* Division Teams Page.swift in Sources */ = {isa = PBXBuildFile; fileRef = 30F900F72C3F0676000FAA16 /* Division Teams Page.swift */; };
		30F900FA2C3F068B000FAA16 /* Division Rankings Page.swift in Sources */ = {isa = PBXBuildFile; fileRef = 30F900F92C3F068B000FAA16 /* Division Rankings Page.swift */; };
		30F900FC2C3F06A0000FAA16 /* Division Matches Page.swift in Sources */ = {isa = PBXBuildFile; fileRef = 30F900FB2C3F06A0000FAA16 /* Division Matches Page.swift */; };
		30F900FE2C3F0C3D000FAA16 /* Division Rankings Model.swift in Sources */ = {isa = PBXBuildFile; fileRef = 30F900FD2C3F0C3D000FAA16 /* Division Rankings Model.swift */; };
		30F901002C405B7A000FAA16 /* Division Matches Model.swift in Sources */ = {isa = PBXBuildFile; fileRef = 30F900FF2C405B7A000FAA16 /* Division Matches Model.swift */; };
		30F901032C40E36B000FAA16 /* TrueSkill Request.swift in Sources */ = {isa = PBXBuildFile; fileRef = 30F901022C40E36B000FAA16 /* TrueSkill Request.swift */; };
		30F901062C40F2CC000FAA16 /* True Skill Model.swift in Sources */ = {isa = PBXBuildFile; fileRef = 30F901052C40F2CC000FAA16 /* True Skill Model.swift */; };
		30F901082C433B11000FAA16 /* Team Matches Page.swift in Sources */ = {isa = PBXBuildFile; fileRef = 30F901072C433B11000FAA16 /* Team Matches Page.swift */; };
		30F9010A2C443F0D000FAA16 /* Team Matches Model.swift in Sources */ = {isa = PBXBuildFile; fileRef = 30F901092C443F0D000FAA16 /* Team Matches Model.swift */; };
		30F9010C2C447CC2000FAA16 /* Searched Teams Model.swift in Sources */ = {isa = PBXBuildFile; fileRef = 30F9010B2C447CC2000FAA16 /* Searched Teams Model.swift */; };
		30F9010E2C448E58000FAA16 /* Team Home Page.swift in Sources */ = {isa = PBXBuildFile; fileRef = 30F9010D2C448E58000FAA16 /* Team Home Page.swift */; };
		30F901102C44993E000FAA16 /* Team Events Model.swift in Sources */ = {isa = PBXBuildFile; fileRef = 30F9010F2C44993E000FAA16 /* Team Events Model.swift */; };
		30F901122C44A7F8000FAA16 /* Team Awards Page.swift in Sources */ = {isa = PBXBuildFile; fileRef = 30F901112C44A7F8000FAA16 /* Team Awards Page.swift */; };
		30F901142C45989C000FAA16 /* Notes List Page.swift in Sources */ = {isa = PBXBuildFile; fileRef = 30F901132C45989C000FAA16 /* Notes List Page.swift */; };
/* End PBXBuildFile section */

/* Begin PBXFileReference section */
		3027A0152C1DF36D00CDA060 /* GoogleService-Info.plist */ = {isa = PBXFileReference; fileEncoding = 4; lastKnownFileType = text.plist.xml; path = "GoogleService-Info.plist"; sourceTree = "<group>"; };
		3027A0172C1DF41600CDA060 /* Register Page.swift */ = {isa = PBXFileReference; lastKnownFileType = sourcecode.swift; path = "Register Page.swift"; sourceTree = "<group>"; };
		3027A01B2C1DF7D900CDA060 /* Home Page.swift */ = {isa = PBXFileReference; lastKnownFileType = sourcecode.swift; path = "Home Page.swift"; sourceTree = "<group>"; };
		3027A01E2C1DFC8F00CDA060 /* Side Menu.swift */ = {isa = PBXFileReference; lastKnownFileType = sourcecode.swift; path = "Side Menu.swift"; sourceTree = "<group>"; };
		3027A0202C1DFC9600CDA060 /* Side Menu Row.swift */ = {isa = PBXFileReference; lastKnownFileType = sourcecode.swift; path = "Side Menu Row.swift"; sourceTree = "<group>"; };
		3027A0232C1DFCB100CDA060 /* Side Menu Option Model.swift */ = {isa = PBXFileReference; lastKnownFileType = sourcecode.swift; path = "Side Menu Option Model.swift"; sourceTree = "<group>"; };
		3027A02E2C1DFDB800CDA060 /* Favorites Page.swift */ = {isa = PBXFileReference; lastKnownFileType = sourcecode.swift; path = "Favorites Page.swift"; sourceTree = "<group>"; };
		3027A0312C1DFDDC00CDA060 /* Search Page.swift */ = {isa = PBXFileReference; lastKnownFileType = sourcecode.swift; path = "Search Page.swift"; sourceTree = "<group>"; };
		3027A0362C1DFE2800CDA060 /* World Skills Page.swift */ = {isa = PBXFileReference; lastKnownFileType = sourcecode.swift; path = "World Skills Page.swift"; sourceTree = "<group>"; };
		3027A0392C1DFE3E00CDA060 /* True Skill Page.swift */ = {isa = PBXFileReference; lastKnownFileType = sourcecode.swift; path = "True Skill Page.swift"; sourceTree = "<group>"; };
		3027A03F2C1DFE7600CDA060 /* Chat List Page.swift */ = {isa = PBXFileReference; lastKnownFileType = sourcecode.swift; path = "Chat List Page.swift"; sourceTree = "<group>"; };
		3027A0452C1DFEB100CDA060 /* Settings Page.swift */ = {isa = PBXFileReference; lastKnownFileType = sourcecode.swift; path = "Settings Page.swift"; sourceTree = "<group>"; };
		3027A0482C1DFF5200CDA060 /* RequestWorldSkills.swift */ = {isa = PBXFileReference; lastKnownFileType = sourcecode.swift; path = RequestWorldSkills.swift; sourceTree = "<group>"; };
		3027A04A2C1DFF9A00CDA060 /* World Skills Model.swift */ = {isa = PBXFileReference; lastKnownFileType = sourcecode.swift; path = "World Skills Model.swift"; sourceTree = "<group>"; };
		3027A04D2C1E4D3300CDA060 /* Event Component.swift */ = {isa = PBXFileReference; lastKnownFileType = sourcecode.swift; path = "Event Component.swift"; sourceTree = "<group>"; };
		3027A04F2C1E4D5700CDA060 /* Team Component.swift */ = {isa = PBXFileReference; lastKnownFileType = sourcecode.swift; path = "Team Component.swift"; sourceTree = "<group>"; };
		3027A0522C1E4E8300CDA060 /* Search Request.swift */ = {isa = PBXFileReference; lastKnownFileType = sourcecode.swift; path = "Search Request.swift"; sourceTree = "<group>"; };
		3027A0542C1E500800CDA060 /* Events Model.swift */ = {isa = PBXFileReference; lastKnownFileType = sourcecode.swift; path = "Events Model.swift"; sourceTree = "<group>"; };
		3027A0582C27AEAB00CDA060 /* Event Home Page.swift */ = {isa = PBXFileReference; lastKnownFileType = sourcecode.swift; path = "Event Home Page.swift"; sourceTree = "<group>"; };
		3027A05A2C28B97400CDA060 /* Event Teams Page.swift */ = {isa = PBXFileReference; lastKnownFileType = sourcecode.swift; path = "Event Teams Page.swift"; sourceTree = "<group>"; };
		3027A05D2C28CEF600CDA060 /* Event Teams Model.swift */ = {isa = PBXFileReference; lastKnownFileType = sourcecode.swift; path = "Event Teams Model.swift"; sourceTree = "<group>"; };
		307480912C46F93300CF2EA5 /* Edit Note Page.swift */ = {isa = PBXFileReference; lastKnownFileType = sourcecode.swift; path = "Edit Note Page.swift"; sourceTree = "<group>"; };
		307480962C47952F00CF2EA5 /* Create Chat Component.swift */ = {isa = PBXFileReference; lastKnownFileType = sourcecode.swift; path = "Create Chat Component.swift"; sourceTree = "<group>"; };
		307480982C4830DE00CF2EA5 /* Chat Texting Page.swift */ = {isa = PBXFileReference; lastKnownFileType = sourcecode.swift; path = "Chat Texting Page.swift"; sourceTree = "<group>"; };
		309E83FA2C1CE1A7004CDECF /* ScoutVRC.app */ = {isa = PBXFileReference; explicitFileType = wrapper.application; includeInIndex = 0; path = ScoutVRC.app; sourceTree = BUILT_PRODUCTS_DIR; };
		309E83FD2C1CE1A7004CDECF /* ScoutVRCApp.swift */ = {isa = PBXFileReference; lastKnownFileType = sourcecode.swift; path = ScoutVRCApp.swift; sourceTree = "<group>"; };
		309E83FF2C1CE1A7004CDECF /* ContentView.swift */ = {isa = PBXFileReference; lastKnownFileType = sourcecode.swift; path = ContentView.swift; sourceTree = "<group>"; };
		309E84012C1CE1A9004CDECF /* Assets.xcassets */ = {isa = PBXFileReference; lastKnownFileType = folder.assetcatalog; path = Assets.xcassets; sourceTree = "<group>"; };
		309E84032C1CE1A9004CDECF /* ScoutVRC.entitlements */ = {isa = PBXFileReference; lastKnownFileType = text.plist.entitlements; path = ScoutVRC.entitlements; sourceTree = "<group>"; };
		309E84052C1CE1A9004CDECF /* Preview Assets.xcassets */ = {isa = PBXFileReference; lastKnownFileType = folder.assetcatalog; path = "Preview Assets.xcassets"; sourceTree = "<group>"; };
		309E841D2C1CE760004CDECF /* Login Page.swift */ = {isa = PBXFileReference; lastKnownFileType = sourcecode.swift; path = "Login Page.swift"; sourceTree = "<group>"; };
		309E84202C1CE82D004CDECF /* Toggle Pages.swift */ = {isa = PBXFileReference; lastKnownFileType = sourcecode.swift; path = "Toggle Pages.swift"; sourceTree = "<group>"; };
		309E84222C1CE851004CDECF /* Auth Manager.swift */ = {isa = PBXFileReference; lastKnownFileType = sourcecode.swift; path = "Auth Manager.swift"; sourceTree = "<group>"; };
		30A0C8882C34A52F00D491B2 /* Event Skills Page.swift */ = {isa = PBXFileReference; lastKnownFileType = sourcecode.swift; path = "Event Skills Page.swift"; sourceTree = "<group>"; };
		30A0C88A2C35FC0500D491B2 /* Event Skills Model.swift */ = {isa = PBXFileReference; lastKnownFileType = sourcecode.swift; path = "Event Skills Model.swift"; sourceTree = "<group>"; };
		30D528942C64394B001C90BC /* Searched Events Model.swift */ = {isa = PBXFileReference; lastKnownFileType = sourcecode.swift; path = "Searched Events Model.swift"; sourceTree = "<group>"; };
		30F900F02C3C9286000FAA16 /* Event Awards Page.swift */ = {isa = PBXFileReference; lastKnownFileType = sourcecode.swift; path = "Event Awards Page.swift"; sourceTree = "<group>"; };
		30F900F22C3C94B8000FAA16 /* Event Awards Model.swift */ = {isa = PBXFileReference; lastKnownFileType = sourcecode.swift; path = "Event Awards Model.swift"; sourceTree = "<group>"; };
		30F900F52C3F0595000FAA16 /* Division Tab View.swift */ = {isa = PBXFileReference; lastKnownFileType = sourcecode.swift; path = "Division Tab View.swift"; sourceTree = "<group>"; };
		30F900F72C3F0676000FAA16 /* Division Teams Page.swift */ = {isa = PBXFileReference; lastKnownFileType = sourcecode.swift; path = "Division Teams Page.swift"; sourceTree = "<group>"; };
		30F900F92C3F068B000FAA16 /* Division Rankings Page.swift */ = {isa = PBXFileReference; lastKnownFileType = sourcecode.swift; path = "Division Rankings Page.swift"; sourceTree = "<group>"; };
		30F900FB2C3F06A0000FAA16 /* Division Matches Page.swift */ = {isa = PBXFileReference; lastKnownFileType = sourcecode.swift; path = "Division Matches Page.swift"; sourceTree = "<group>"; };
		30F900FD2C3F0C3D000FAA16 /* Division Rankings Model.swift */ = {isa = PBXFileReference; lastKnownFileType = sourcecode.swift; path = "Division Rankings Model.swift"; sourceTree = "<group>"; };
		30F900FF2C405B7A000FAA16 /* Division Matches Model.swift */ = {isa = PBXFileReference; lastKnownFileType = sourcecode.swift; path = "Division Matches Model.swift"; sourceTree = "<group>"; };
		30F901022C40E36B000FAA16 /* TrueSkill Request.swift */ = {isa = PBXFileReference; lastKnownFileType = sourcecode.swift; path = "TrueSkill Request.swift"; sourceTree = "<group>"; };
		30F901052C40F2CC000FAA16 /* True Skill Model.swift */ = {isa = PBXFileReference; lastKnownFileType = sourcecode.swift; path = "True Skill Model.swift"; sourceTree = "<group>"; };
		30F901072C433B11000FAA16 /* Team Matches Page.swift */ = {isa = PBXFileReference; lastKnownFileType = sourcecode.swift; path = "Team Matches Page.swift"; sourceTree = "<group>"; };
		30F901092C443F0D000FAA16 /* Team Matches Model.swift */ = {isa = PBXFileReference; lastKnownFileType = sourcecode.swift; path = "Team Matches Model.swift"; sourceTree = "<group>"; };
		30F9010B2C447CC2000FAA16 /* Searched Teams Model.swift */ = {isa = PBXFileReference; lastKnownFileType = sourcecode.swift; path = "Searched Teams Model.swift"; sourceTree = "<group>"; };
		30F9010D2C448E58000FAA16 /* Team Home Page.swift */ = {isa = PBXFileReference; lastKnownFileType = sourcecode.swift; path = "Team Home Page.swift"; sourceTree = "<group>"; };
		30F9010F2C44993E000FAA16 /* Team Events Model.swift */ = {isa = PBXFileReference; lastKnownFileType = sourcecode.swift; path = "Team Events Model.swift"; sourceTree = "<group>"; };
		30F901112C44A7F8000FAA16 /* Team Awards Page.swift */ = {isa = PBXFileReference; lastKnownFileType = sourcecode.swift; path = "Team Awards Page.swift"; sourceTree = "<group>"; };
		30F901132C45989C000FAA16 /* Notes List Page.swift */ = {isa = PBXFileReference; lastKnownFileType = sourcecode.swift; path = "Notes List Page.swift"; sourceTree = "<group>"; };
/* End PBXFileReference section */

/* Begin PBXFrameworksBuildPhase section */
		309E83F72C1CE1A7004CDECF /* Frameworks */ = {
			isa = PBXFrameworksBuildPhase;
			buildActionMask = 2147483647;
			files = (
				309E84122C1CE395004CDECF /* FirebaseAuth in Frameworks */,
				309E84182C1CE395004CDECF /* FirebaseStorage in Frameworks */,
				309E84142C1CE395004CDECF /* FirebaseFirestore in Frameworks */,
				309E84162C1CE395004CDECF /* FirebaseFirestoreSwift in Frameworks */,
			);
			runOnlyForDeploymentPostprocessing = 0;
		};
/* End PBXFrameworksBuildPhase section */

/* Begin PBXGroup section */
		3027A0192C1DF7C200CDA060 /* Home */ = {
			isa = PBXGroup;
			children = (
				3027A0222C1DFCA600CDA060 /* Backend */,
				3027A01D2C1DFC8200CDA060 /* Components */,
				3027A01A2C1DF7D000CDA060 /* Pages */,
			);
			path = Home;
			sourceTree = "<group>";
		};
		3027A01A2C1DF7D000CDA060 /* Pages */ = {
			isa = PBXGroup;
			children = (
				3027A01B2C1DF7D900CDA060 /* Home Page.swift */,
			);
			path = Pages;
			sourceTree = "<group>";
		};
		3027A01D2C1DFC8200CDA060 /* Components */ = {
			isa = PBXGroup;
			children = (
				3027A01E2C1DFC8F00CDA060 /* Side Menu.swift */,
				3027A0202C1DFC9600CDA060 /* Side Menu Row.swift */,
			);
			path = Components;
			sourceTree = "<group>";
		};
		3027A0222C1DFCA600CDA060 /* Backend */ = {
			isa = PBXGroup;
			children = (
				3027A0232C1DFCB100CDA060 /* Side Menu Option Model.swift */,
			);
			path = Backend;
			sourceTree = "<group>";
		};
		3027A0252C1DFD6F00CDA060 /* Favorites */ = {
			isa = PBXGroup;
			children = (
				3090412F2C3359B3002CAD79 /* Components */,
				3027A02D2C1DFDAB00CDA060 /* Pages */,
			);
			path = Favorites;
			sourceTree = "<group>";
		};
		3027A0262C1DFD7800CDA060 /* Search */ = {
			isa = PBXGroup;
			children = (
				3027A0512C1E4E7000CDA060 /* Backend */,
				3027A04C2C1E4D2400CDA060 /* Components */,
				3027A0302C1DFDCD00CDA060 /* Pages */,
			);
			path = Search;
			sourceTree = "<group>";
		};
		3027A0272C1DFD7E00CDA060 /* World Skills */ = {
			isa = PBXGroup;
			children = (
				3027A0472C1DFF4100CDA060 /* Backend */,
				3027A0332C1DFDED00CDA060 /* Pages */,
			);
			path = "World Skills";
			sourceTree = "<group>";
		};
		3027A0282C1DFD8400CDA060 /* True Skill */ = {
			isa = PBXGroup;
			children = (
				30F901012C40E354000FAA16 /* Backend */,
				3027A0382C1DFE3600CDA060 /* Pages */,
			);
			path = "True Skill";
			sourceTree = "<group>";
		};
		3027A0292C1DFD8B00CDA060 /* Scouting */ = {
			isa = PBXGroup;
			children = (
				3027A03B2C1DFE5200CDA060 /* Pages */,
			);
			path = Scouting;
			sourceTree = "<group>";
		};
		3027A02A2C1DFD9800CDA060 /* Chat */ = {
			isa = PBXGroup;
			children = (
				307480932C4794E200CF2EA5 /* Components */,
				3027A03E2C1DFE6E00CDA060 /* Pages */,
			);
			path = Chat;
			sourceTree = "<group>";
		};
		3027A02C2C1DFDA300CDA060 /* Settings */ = {
			isa = PBXGroup;
			children = (
				3027A0442C1DFEA900CDA060 /* Pages */,
			);
			path = Settings;
			sourceTree = "<group>";
		};
		3027A02D2C1DFDAB00CDA060 /* Pages */ = {
			isa = PBXGroup;
			children = (
				3027A02E2C1DFDB800CDA060 /* Favorites Page.swift */,
			);
			path = Pages;
			sourceTree = "<group>";
		};
		3027A0302C1DFDCD00CDA060 /* Pages */ = {
			isa = PBXGroup;
			children = (
				3027A0312C1DFDDC00CDA060 /* Search Page.swift */,
			);
			path = Pages;
			sourceTree = "<group>";
		};
		3027A0332C1DFDED00CDA060 /* Pages */ = {
			isa = PBXGroup;
			children = (
				3027A0362C1DFE2800CDA060 /* World Skills Page.swift */,
			);
			path = Pages;
			sourceTree = "<group>";
		};
		3027A0382C1DFE3600CDA060 /* Pages */ = {
			isa = PBXGroup;
			children = (
				3027A0392C1DFE3E00CDA060 /* True Skill Page.swift */,
			);
			path = Pages;
			sourceTree = "<group>";
		};
		3027A03B2C1DFE5200CDA060 /* Pages */ = {
			isa = PBXGroup;
			children = (
				30F901132C45989C000FAA16 /* Notes List Page.swift */,
				307480912C46F93300CF2EA5 /* Edit Note Page.swift */,
			);
			path = Pages;
			sourceTree = "<group>";
		};
		3027A03E2C1DFE6E00CDA060 /* Pages */ = {
			isa = PBXGroup;
			children = (
				3027A03F2C1DFE7600CDA060 /* Chat List Page.swift */,
				307480982C4830DE00CF2EA5 /* Chat Texting Page.swift */,
			);
			path = Pages;
			sourceTree = "<group>";
		};
		3027A0442C1DFEA900CDA060 /* Pages */ = {
			isa = PBXGroup;
			children = (
				3027A0452C1DFEB100CDA060 /* Settings Page.swift */,
			);
			path = Pages;
			sourceTree = "<group>";
		};
		3027A0472C1DFF4100CDA060 /* Backend */ = {
			isa = PBXGroup;
			children = (
				3027A0482C1DFF5200CDA060 /* RequestWorldSkills.swift */,
				3027A04A2C1DFF9A00CDA060 /* World Skills Model.swift */,
			);
			path = Backend;
			sourceTree = "<group>";
		};
		3027A04C2C1E4D2400CDA060 /* Components */ = {
			isa = PBXGroup;
			children = (
				3027A0572C27AE9700CDA060 /* Team Details */,
				3027A0562C27AE8C00CDA060 /* Events Details */,
				3027A04D2C1E4D3300CDA060 /* Event Component.swift */,
				3027A04F2C1E4D5700CDA060 /* Team Component.swift */,
			);
			path = Components;
			sourceTree = "<group>";
		};
		3027A0512C1E4E7000CDA060 /* Backend */ = {
			isa = PBXGroup;
			children = (
				3027A0522C1E4E8300CDA060 /* Search Request.swift */,
				3027A05C2C28BA6C00CDA060 /* Model */,
			);
			path = Backend;
			sourceTree = "<group>";
		};
		3027A0562C27AE8C00CDA060 /* Events Details */ = {
			isa = PBXGroup;
			children = (
				30F900F42C3F057B000FAA16 /* Division */,
				3027A0582C27AEAB00CDA060 /* Event Home Page.swift */,
				3027A05A2C28B97400CDA060 /* Event Teams Page.swift */,
				30A0C8882C34A52F00D491B2 /* Event Skills Page.swift */,
				30F900F02C3C9286000FAA16 /* Event Awards Page.swift */,
			);
			path = "Events Details";
			sourceTree = "<group>";
		};
		3027A0572C27AE9700CDA060 /* Team Details */ = {
			isa = PBXGroup;
			children = (
				30F901072C433B11000FAA16 /* Team Matches Page.swift */,
				30F9010D2C448E58000FAA16 /* Team Home Page.swift */,
				30F901112C44A7F8000FAA16 /* Team Awards Page.swift */,
			);
			path = "Team Details";
			sourceTree = "<group>";
		};
		3027A05C2C28BA6C00CDA060 /* Model */ = {
			isa = PBXGroup;
			children = (
				3027A0542C1E500800CDA060 /* Events Model.swift */,
				3027A05D2C28CEF600CDA060 /* Event Teams Model.swift */,
				30A0C88A2C35FC0500D491B2 /* Event Skills Model.swift */,
				30F900F22C3C94B8000FAA16 /* Event Awards Model.swift */,
				30F900FD2C3F0C3D000FAA16 /* Division Rankings Model.swift */,
				30F900FF2C405B7A000FAA16 /* Division Matches Model.swift */,
				30F901092C443F0D000FAA16 /* Team Matches Model.swift */,
				30F9010B2C447CC2000FAA16 /* Searched Teams Model.swift */,
				30F9010F2C44993E000FAA16 /* Team Events Model.swift */,
				30D528942C64394B001C90BC /* Searched Events Model.swift */,
			);
			path = Model;
			sourceTree = "<group>";
		};
		307480932C4794E200CF2EA5 /* Components */ = {
			isa = PBXGroup;
			children = (
				307480962C47952F00CF2EA5 /* Create Chat Component.swift */,
			);
			path = Components;
			sourceTree = "<group>";
		};
		3090412F2C3359B3002CAD79 /* Components */ = {
			isa = PBXGroup;
			children = (
			);
			path = Components;
			sourceTree = "<group>";
		};
		309E83F12C1CE1A7004CDECF = {
			isa = PBXGroup;
			children = (
				309E83FB2C1CE1A7004CDECF /* Products */,
				309E83FC2C1CE1A7004CDECF /* ScoutVRC */,
			);
			sourceTree = "<group>";
		};
		309E83FB2C1CE1A7004CDECF /* Products */ = {
			isa = PBXGroup;
			children = (
				309E83FA2C1CE1A7004CDECF /* ScoutVRC.app */,
			);
			name = Products;
			sourceTree = "<group>";
		};
		309E83FC2C1CE1A7004CDECF /* ScoutVRC */ = {
			isa = PBXGroup;
			children = (
				3027A02C2C1DFDA300CDA060 /* Settings */,
				3027A02A2C1DFD9800CDA060 /* Chat */,
				3027A0292C1DFD8B00CDA060 /* Scouting */,
				3027A0282C1DFD8400CDA060 /* True Skill */,
				3027A0272C1DFD7E00CDA060 /* World Skills */,
				3027A0262C1DFD7800CDA060 /* Search */,
				3027A0252C1DFD6F00CDA060 /* Favorites */,
				3027A0192C1DF7C200CDA060 /* Home */,
				3027A0152C1DF36D00CDA060 /* GoogleService-Info.plist */,
				309E84192C1CE446004CDECF /* Auth */,
				309E83FD2C1CE1A7004CDECF /* ScoutVRCApp.swift */,
				309E83FF2C1CE1A7004CDECF /* ContentView.swift */,
				309E84012C1CE1A9004CDECF /* Assets.xcassets */,
				309E84032C1CE1A9004CDECF /* ScoutVRC.entitlements */,
				309E84042C1CE1A9004CDECF /* Preview Content */,
			);
			path = ScoutVRC;
			sourceTree = "<group>";
		};
		309E84042C1CE1A9004CDECF /* Preview Content */ = {
			isa = PBXGroup;
			children = (
				309E84052C1CE1A9004CDECF /* Preview Assets.xcassets */,
			);
			path = "Preview Content";
			sourceTree = "<group>";
		};
		309E84192C1CE446004CDECF /* Auth */ = {
			isa = PBXGroup;
			children = (
				309E841F2C1CE821004CDECF /* Backend */,
				309E841C2C1CE750004CDECF /* Pages */,
			);
			path = Auth;
			sourceTree = "<group>";
		};
		309E841C2C1CE750004CDECF /* Pages */ = {
			isa = PBXGroup;
			children = (
				309E841D2C1CE760004CDECF /* Login Page.swift */,
				309E84222C1CE851004CDECF /* Auth Manager.swift */,
				3027A0172C1DF41600CDA060 /* Register Page.swift */,
			);
			path = Pages;
			sourceTree = "<group>";
		};
		309E841F2C1CE821004CDECF /* Backend */ = {
			isa = PBXGroup;
			children = (
				309E84202C1CE82D004CDECF /* Toggle Pages.swift */,
			);
			path = Backend;
			sourceTree = "<group>";
		};
		30F900F42C3F057B000FAA16 /* Division */ = {
			isa = PBXGroup;
			children = (
				30F900F52C3F0595000FAA16 /* Division Tab View.swift */,
				30F900F72C3F0676000FAA16 /* Division Teams Page.swift */,
				30F900F92C3F068B000FAA16 /* Division Rankings Page.swift */,
				30F900FB2C3F06A0000FAA16 /* Division Matches Page.swift */,
			);
			path = Division;
			sourceTree = "<group>";
		};
		30F901012C40E354000FAA16 /* Backend */ = {
			isa = PBXGroup;
			children = (
				30F901042C40F2C2000FAA16 /* Model */,
				30F901022C40E36B000FAA16 /* TrueSkill Request.swift */,
			);
			path = Backend;
			sourceTree = "<group>";
		};
		30F901042C40F2C2000FAA16 /* Model */ = {
			isa = PBXGroup;
			children = (
				30F901052C40F2CC000FAA16 /* True Skill Model.swift */,
			);
			path = Model;
			sourceTree = "<group>";
		};
/* End PBXGroup section */

/* Begin PBXNativeTarget section */
		309E83F92C1CE1A7004CDECF /* ScoutVRC */ = {
			isa = PBXNativeTarget;
			buildConfigurationList = 309E84092C1CE1A9004CDECF /* Build configuration list for PBXNativeTarget "ScoutVRC" */;
			buildPhases = (
				309E83F62C1CE1A7004CDECF /* Sources */,
				309E83F72C1CE1A7004CDECF /* Frameworks */,
				309E83F82C1CE1A7004CDECF /* Resources */,
			);
			buildRules = (
			);
			dependencies = (
			);
			name = ScoutVRC;
			packageProductDependencies = (
				309E84112C1CE395004CDECF /* FirebaseAuth */,
				309E84132C1CE395004CDECF /* FirebaseFirestore */,
				309E84152C1CE395004CDECF /* FirebaseFirestoreSwift */,
				309E84172C1CE395004CDECF /* FirebaseStorage */,
			);
			productName = ScoutVRC;
			productReference = 309E83FA2C1CE1A7004CDECF /* ScoutVRC.app */;
			productType = "com.apple.product-type.application";
		};
/* End PBXNativeTarget section */

/* Begin PBXProject section */
		309E83F22C1CE1A7004CDECF /* Project object */ = {
			isa = PBXProject;
			attributes = {
				BuildIndependentTargetsInParallel = 1;
				LastSwiftUpdateCheck = 1540;
				LastUpgradeCheck = 1540;
				TargetAttributes = {
					309E83F92C1CE1A7004CDECF = {
						CreatedOnToolsVersion = 15.4;
					};
				};
			};
			buildConfigurationList = 309E83F52C1CE1A7004CDECF /* Build configuration list for PBXProject "ScoutVRC" */;
			compatibilityVersion = "Xcode 14.0";
			developmentRegion = en;
			hasScannedForEncodings = 0;
			knownRegions = (
				en,
				Base,
			);
			mainGroup = 309E83F12C1CE1A7004CDECF;
			packageReferences = (
				309E84102C1CE2F5004CDECF /* XCRemoteSwiftPackageReference "firebase-ios-sdk" */,
			);
			productRefGroup = 309E83FB2C1CE1A7004CDECF /* Products */;
			projectDirPath = "";
			projectRoot = "";
			targets = (
				309E83F92C1CE1A7004CDECF /* ScoutVRC */,
			);
		};
/* End PBXProject section */

/* Begin PBXResourcesBuildPhase section */
		309E83F82C1CE1A7004CDECF /* Resources */ = {
			isa = PBXResourcesBuildPhase;
			buildActionMask = 2147483647;
			files = (
				309E84062C1CE1A9004CDECF /* Preview Assets.xcassets in Resources */,
				3027A0162C1DF36D00CDA060 /* GoogleService-Info.plist in Resources */,
				309E84022C1CE1A9004CDECF /* Assets.xcassets in Resources */,
			);
			runOnlyForDeploymentPostprocessing = 0;
		};
/* End PBXResourcesBuildPhase section */

/* Begin PBXSourcesBuildPhase section */
		309E83F62C1CE1A7004CDECF /* Sources */ = {
			isa = PBXSourcesBuildPhase;
			buildActionMask = 2147483647;
			files = (
				309E84002C1CE1A7004CDECF /* ContentView.swift in Sources */,
				309E84232C1CE851004CDECF /* Auth Manager.swift in Sources */,
				3027A05B2C28B97400CDA060 /* Event Teams Page.swift in Sources */,
				3027A0532C1E4E8300CDA060 /* Search Request.swift in Sources */,
				307480922C46F93300CF2EA5 /* Edit Note Page.swift in Sources */,
				3027A0462C1DFEB100CDA060 /* Settings Page.swift in Sources */,
				3027A0502C1E4D5700CDA060 /* Team Component.swift in Sources */,
				30F900FA2C3F068B000FAA16 /* Division Rankings Page.swift in Sources */,
				309E83FE2C1CE1A7004CDECF /* ScoutVRCApp.swift in Sources */,
				307480992C4830DE00CF2EA5 /* Chat Texting Page.swift in Sources */,
				3027A02F2C1DFDB800CDA060 /* Favorites Page.swift in Sources */,
				30F900F62C3F0595000FAA16 /* Division Tab View.swift in Sources */,
				3027A04B2C1DFF9A00CDA060 /* World Skills Model.swift in Sources */,
				30F900FE2C3F0C3D000FAA16 /* Division Rankings Model.swift in Sources */,
				3027A0242C1DFCB100CDA060 /* Side Menu Option Model.swift in Sources */,
				309E841E2C1CE760004CDECF /* Login Page.swift in Sources */,
				3027A0402C1DFE7600CDA060 /* Chat List Page.swift in Sources */,
				30A0C88B2C35FC0500D491B2 /* Event Skills Model.swift in Sources */,
				30F900F32C3C94B8000FAA16 /* Event Awards Model.swift in Sources */,
				30F900F82C3F0676000FAA16 /* Division Teams Page.swift in Sources */,
				3027A01F2C1DFC8F00CDA060 /* Side Menu.swift in Sources */,
				3027A0322C1DFDDC00CDA060 /* Search Page.swift in Sources */,
				30A0C8892C34A52F00D491B2 /* Event Skills Page.swift in Sources */,
				3027A0492C1DFF5200CDA060 /* RequestWorldSkills.swift in Sources */,
				3027A04E2C1E4D3300CDA060 /* Event Component.swift in Sources */,
				30F9010E2C448E58000FAA16 /* Team Home Page.swift in Sources */,
				30F9010A2C443F0D000FAA16 /* Team Matches Model.swift in Sources */,
				30D528952C64394B001C90BC /* Searched Events Model.swift in Sources */,
				30F901032C40E36B000FAA16 /* TrueSkill Request.swift in Sources */,
				3027A0372C1DFE2800CDA060 /* World Skills Page.swift in Sources */,
				30F901002C405B7A000FAA16 /* Division Matches Model.swift in Sources */,
				3027A0212C1DFC9600CDA060 /* Side Menu Row.swift in Sources */,
				30F901062C40F2CC000FAA16 /* True Skill Model.swift in Sources */,
				3027A0552C1E500800CDA060 /* Events Model.swift in Sources */,
				30F901142C45989C000FAA16 /* Notes List Page.swift in Sources */,
				30F9010C2C447CC2000FAA16 /* Searched Teams Model.swift in Sources */,
				3027A03A2C1DFE3E00CDA060 /* True Skill Page.swift in Sources */,
				3027A0592C27AEAB00CDA060 /* Event Home Page.swift in Sources */,
				30F901122C44A7F8000FAA16 /* Team Awards Page.swift in Sources */,
				3027A01C2C1DF7D900CDA060 /* Home Page.swift in Sources */,
				3027A0182C1DF41600CDA060 /* Register Page.swift in Sources */,
				30F900FC2C3F06A0000FAA16 /* Division Matches Page.swift in Sources */,
				309E84212C1CE82D004CDECF /* Toggle Pages.swift in Sources */,
				30F901082C433B11000FAA16 /* Team Matches Page.swift in Sources */,
				30F901102C44993E000FAA16 /* Team Events Model.swift in Sources */,
				307480972C47952F00CF2EA5 /* Create Chat Component.swift in Sources */,
				3027A05E2C28CEF600CDA060 /* Event Teams Model.swift in Sources */,
				30F900F12C3C9286000FAA16 /* Event Awards Page.swift in Sources */,
			);
			runOnlyForDeploymentPostprocessing = 0;
		};
/* End PBXSourcesBuildPhase section */

/* Begin XCBuildConfiguration section */
		309E84072C1CE1A9004CDECF /* Debug */ = {
			isa = XCBuildConfiguration;
			buildSettings = {
				ALWAYS_SEARCH_USER_PATHS = NO;
				ASSETCATALOG_COMPILER_GENERATE_SWIFT_ASSET_SYMBOL_EXTENSIONS = YES;
				CLANG_ANALYZER_NONNULL = YES;
				CLANG_ANALYZER_NUMBER_OBJECT_CONVERSION = YES_AGGRESSIVE;
				CLANG_CXX_LANGUAGE_STANDARD = "gnu++20";
				CLANG_ENABLE_MODULES = YES;
				CLANG_ENABLE_OBJC_ARC = YES;
				CLANG_ENABLE_OBJC_WEAK = YES;
				CLANG_WARN_BLOCK_CAPTURE_AUTORELEASING = YES;
				CLANG_WARN_BOOL_CONVERSION = YES;
				CLANG_WARN_COMMA = YES;
				CLANG_WARN_CONSTANT_CONVERSION = YES;
				CLANG_WARN_DEPRECATED_OBJC_IMPLEMENTATIONS = YES;
				CLANG_WARN_DIRECT_OBJC_ISA_USAGE = YES_ERROR;
				CLANG_WARN_DOCUMENTATION_COMMENTS = YES;
				CLANG_WARN_EMPTY_BODY = YES;
				CLANG_WARN_ENUM_CONVERSION = YES;
				CLANG_WARN_INFINITE_RECURSION = YES;
				CLANG_WARN_INT_CONVERSION = YES;
				CLANG_WARN_NON_LITERAL_NULL_CONVERSION = YES;
				CLANG_WARN_OBJC_IMPLICIT_RETAIN_SELF = YES;
				CLANG_WARN_OBJC_LITERAL_CONVERSION = YES;
				CLANG_WARN_OBJC_ROOT_CLASS = YES_ERROR;
				CLANG_WARN_QUOTED_INCLUDE_IN_FRAMEWORK_HEADER = YES;
				CLANG_WARN_RANGE_LOOP_ANALYSIS = YES;
				CLANG_WARN_STRICT_PROTOTYPES = YES;
				CLANG_WARN_SUSPICIOUS_MOVE = YES;
				CLANG_WARN_UNGUARDED_AVAILABILITY = YES_AGGRESSIVE;
				CLANG_WARN_UNREACHABLE_CODE = YES;
				CLANG_WARN__DUPLICATE_METHOD_MATCH = YES;
				COPY_PHASE_STRIP = NO;
				DEBUG_INFORMATION_FORMAT = dwarf;
				ENABLE_STRICT_OBJC_MSGSEND = YES;
				ENABLE_TESTABILITY = YES;
				ENABLE_USER_SCRIPT_SANDBOXING = YES;
				GCC_C_LANGUAGE_STANDARD = gnu17;
				GCC_DYNAMIC_NO_PIC = NO;
				GCC_NO_COMMON_BLOCKS = YES;
				GCC_OPTIMIZATION_LEVEL = 0;
				GCC_PREPROCESSOR_DEFINITIONS = (
					"DEBUG=1",
					"$(inherited)",
				);
				GCC_WARN_64_TO_32_BIT_CONVERSION = YES;
				GCC_WARN_ABOUT_RETURN_TYPE = YES_ERROR;
				GCC_WARN_UNDECLARED_SELECTOR = YES;
				GCC_WARN_UNINITIALIZED_AUTOS = YES_AGGRESSIVE;
				GCC_WARN_UNUSED_FUNCTION = YES;
				GCC_WARN_UNUSED_VARIABLE = YES;
				LOCALIZATION_PREFERS_STRING_CATALOGS = YES;
				MTL_ENABLE_DEBUG_INFO = INCLUDE_SOURCE;
				MTL_FAST_MATH = YES;
				ONLY_ACTIVE_ARCH = YES;
				SWIFT_ACTIVE_COMPILATION_CONDITIONS = "DEBUG $(inherited)";
				SWIFT_OPTIMIZATION_LEVEL = "-Onone";
			};
			name = Debug;
		};
		309E84082C1CE1A9004CDECF /* Release */ = {
			isa = XCBuildConfiguration;
			buildSettings = {
				ALWAYS_SEARCH_USER_PATHS = NO;
				ASSETCATALOG_COMPILER_GENERATE_SWIFT_ASSET_SYMBOL_EXTENSIONS = YES;
				CLANG_ANALYZER_NONNULL = YES;
				CLANG_ANALYZER_NUMBER_OBJECT_CONVERSION = YES_AGGRESSIVE;
				CLANG_CXX_LANGUAGE_STANDARD = "gnu++20";
				CLANG_ENABLE_MODULES = YES;
				CLANG_ENABLE_OBJC_ARC = YES;
				CLANG_ENABLE_OBJC_WEAK = YES;
				CLANG_WARN_BLOCK_CAPTURE_AUTORELEASING = YES;
				CLANG_WARN_BOOL_CONVERSION = YES;
				CLANG_WARN_COMMA = YES;
				CLANG_WARN_CONSTANT_CONVERSION = YES;
				CLANG_WARN_DEPRECATED_OBJC_IMPLEMENTATIONS = YES;
				CLANG_WARN_DIRECT_OBJC_ISA_USAGE = YES_ERROR;
				CLANG_WARN_DOCUMENTATION_COMMENTS = YES;
				CLANG_WARN_EMPTY_BODY = YES;
				CLANG_WARN_ENUM_CONVERSION = YES;
				CLANG_WARN_INFINITE_RECURSION = YES;
				CLANG_WARN_INT_CONVERSION = YES;
				CLANG_WARN_NON_LITERAL_NULL_CONVERSION = YES;
				CLANG_WARN_OBJC_IMPLICIT_RETAIN_SELF = YES;
				CLANG_WARN_OBJC_LITERAL_CONVERSION = YES;
				CLANG_WARN_OBJC_ROOT_CLASS = YES_ERROR;
				CLANG_WARN_QUOTED_INCLUDE_IN_FRAMEWORK_HEADER = YES;
				CLANG_WARN_RANGE_LOOP_ANALYSIS = YES;
				CLANG_WARN_STRICT_PROTOTYPES = YES;
				CLANG_WARN_SUSPICIOUS_MOVE = YES;
				CLANG_WARN_UNGUARDED_AVAILABILITY = YES_AGGRESSIVE;
				CLANG_WARN_UNREACHABLE_CODE = YES;
				CLANG_WARN__DUPLICATE_METHOD_MATCH = YES;
				COPY_PHASE_STRIP = NO;
				DEBUG_INFORMATION_FORMAT = "dwarf-with-dsym";
				ENABLE_NS_ASSERTIONS = NO;
				ENABLE_STRICT_OBJC_MSGSEND = YES;
				ENABLE_USER_SCRIPT_SANDBOXING = YES;
				GCC_C_LANGUAGE_STANDARD = gnu17;
				GCC_NO_COMMON_BLOCKS = YES;
				GCC_WARN_64_TO_32_BIT_CONVERSION = YES;
				GCC_WARN_ABOUT_RETURN_TYPE = YES_ERROR;
				GCC_WARN_UNDECLARED_SELECTOR = YES;
				GCC_WARN_UNINITIALIZED_AUTOS = YES_AGGRESSIVE;
				GCC_WARN_UNUSED_FUNCTION = YES;
				GCC_WARN_UNUSED_VARIABLE = YES;
				LOCALIZATION_PREFERS_STRING_CATALOGS = YES;
				MTL_ENABLE_DEBUG_INFO = NO;
				MTL_FAST_MATH = YES;
				SWIFT_COMPILATION_MODE = wholemodule;
			};
			name = Release;
		};
		309E840A2C1CE1A9004CDECF /* Debug */ = {
			isa = XCBuildConfiguration;
			buildSettings = {
				ASSETCATALOG_COMPILER_APPICON_NAME = AppIcon;
				ASSETCATALOG_COMPILER_GLOBAL_ACCENT_COLOR_NAME = AccentColor;
				CODE_SIGN_ENTITLEMENTS = ScoutVRC/ScoutVRC.entitlements;
				CODE_SIGN_STYLE = Automatic;
				CURRENT_PROJECT_VERSION = 1;
				DEVELOPMENT_ASSET_PATHS = "\"ScoutVRC/Preview Content\"";
				DEVELOPMENT_TEAM = X64C356UQ7;
				ENABLE_HARDENED_RUNTIME = YES;
				ENABLE_PREVIEWS = YES;
				GENERATE_INFOPLIST_FILE = YES;
				INFOPLIST_KEY_CFBundleDisplayName = "Scout VRC";
				INFOPLIST_KEY_LSApplicationCategoryType = "public.app-category.utilities";
				"INFOPLIST_KEY_UIApplicationSceneManifest_Generation[sdk=iphoneos*]" = YES;
				"INFOPLIST_KEY_UIApplicationSceneManifest_Generation[sdk=iphonesimulator*]" = YES;
				"INFOPLIST_KEY_UIApplicationSupportsIndirectInputEvents[sdk=iphoneos*]" = YES;
				"INFOPLIST_KEY_UIApplicationSupportsIndirectInputEvents[sdk=iphonesimulator*]" = YES;
				"INFOPLIST_KEY_UILaunchScreen_Generation[sdk=iphoneos*]" = YES;
				"INFOPLIST_KEY_UILaunchScreen_Generation[sdk=iphonesimulator*]" = YES;
				INFOPLIST_KEY_UILaunchStoryboardName = "";
				"INFOPLIST_KEY_UIStatusBarStyle[sdk=iphoneos*]" = UIStatusBarStyleDefault;
				"INFOPLIST_KEY_UIStatusBarStyle[sdk=iphonesimulator*]" = UIStatusBarStyleDefault;
				INFOPLIST_KEY_UISupportedInterfaceOrientations = UIInterfaceOrientationPortrait;
				INFOPLIST_KEY_UISupportedInterfaceOrientations_iPad = "UIInterfaceOrientationLandscapeLeft UIInterfaceOrientationLandscapeRight UIInterfaceOrientationPortrait UIInterfaceOrientationPortraitUpsideDown";
				IPHONEOS_DEPLOYMENT_TARGET = 17.5;
				LD_RUNPATH_SEARCH_PATHS = "@executable_path/Frameworks";
				"LD_RUNPATH_SEARCH_PATHS[sdk=macosx*]" = "@executable_path/../Frameworks";
				MACOSX_DEPLOYMENT_TARGET = 14.5;
				MARKETING_VERSION = 2.0;
				PRODUCT_BUNDLE_IDENTIFIER = com.daksh.scoutvrc;
				PRODUCT_NAME = "$(TARGET_NAME)";
				SDKROOT = auto;
				SUPPORTED_PLATFORMS = "iphoneos iphonesimulator";
				SUPPORTS_MACCATALYST = NO;
				SWIFT_EMIT_LOC_STRINGS = YES;
				SWIFT_VERSION = 5.0;
				TARGETED_DEVICE_FAMILY = 1;
			};
			name = Debug;
		};
		309E840B2C1CE1A9004CDECF /* Release */ = {
			isa = XCBuildConfiguration;
			buildSettings = {
				ASSETCATALOG_COMPILER_APPICON_NAME = AppIcon;
				ASSETCATALOG_COMPILER_GLOBAL_ACCENT_COLOR_NAME = AccentColor;
				CODE_SIGN_ENTITLEMENTS = ScoutVRC/ScoutVRC.entitlements;
				CODE_SIGN_STYLE = Automatic;
				CURRENT_PROJECT_VERSION = 1;
				DEVELOPMENT_ASSET_PATHS = "\"ScoutVRC/Preview Content\"";
				DEVELOPMENT_TEAM = X64C356UQ7;
				ENABLE_HARDENED_RUNTIME = YES;
				ENABLE_PREVIEWS = YES;
				GENERATE_INFOPLIST_FILE = YES;
				INFOPLIST_KEY_CFBundleDisplayName = "Scout VRC";
				INFOPLIST_KEY_LSApplicationCategoryType = "public.app-category.utilities";
				"INFOPLIST_KEY_UIApplicationSceneManifest_Generation[sdk=iphoneos*]" = YES;
				"INFOPLIST_KEY_UIApplicationSceneManifest_Generation[sdk=iphonesimulator*]" = YES;
				"INFOPLIST_KEY_UIApplicationSupportsIndirectInputEvents[sdk=iphoneos*]" = YES;
				"INFOPLIST_KEY_UIApplicationSupportsIndirectInputEvents[sdk=iphonesimulator*]" = YES;
				"INFOPLIST_KEY_UILaunchScreen_Generation[sdk=iphoneos*]" = YES;
				"INFOPLIST_KEY_UILaunchScreen_Generation[sdk=iphonesimulator*]" = YES;
				INFOPLIST_KEY_UILaunchStoryboardName = "";
				"INFOPLIST_KEY_UIStatusBarStyle[sdk=iphoneos*]" = UIStatusBarStyleDefault;
				"INFOPLIST_KEY_UIStatusBarStyle[sdk=iphonesimulator*]" = UIStatusBarStyleDefault;
				INFOPLIST_KEY_UISupportedInterfaceOrientations = UIInterfaceOrientationPortrait;
				INFOPLIST_KEY_UISupportedInterfaceOrientations_iPad = "UIInterfaceOrientationLandscapeLeft UIInterfaceOrientationLandscapeRight UIInterfaceOrientationPortrait UIInterfaceOrientationPortraitUpsideDown";
				IPHONEOS_DEPLOYMENT_TARGET = 17.5;
				LD_RUNPATH_SEARCH_PATHS = "@executable_path/Frameworks";
				"LD_RUNPATH_SEARCH_PATHS[sdk=macosx*]" = "@executable_path/../Frameworks";
				MACOSX_DEPLOYMENT_TARGET = 14.5;
				MARKETING_VERSION = 2.0;
				PRODUCT_BUNDLE_IDENTIFIER = com.daksh.scoutvrc;
				PRODUCT_NAME = "$(TARGET_NAME)";
				SDKROOT = auto;
				SUPPORTED_PLATFORMS = "iphoneos iphonesimulator";
				SUPPORTS_MACCATALYST = NO;
				SWIFT_EMIT_LOC_STRINGS = YES;
				SWIFT_VERSION = 5.0;
				TARGETED_DEVICE_FAMILY = 1;
			};
			name = Release;
		};
/* End XCBuildConfiguration section */

/* Begin XCConfigurationList section */
		309E83F52C1CE1A7004CDECF /* Build configuration list for PBXProject "ScoutVRC" */ = {
			isa = XCConfigurationList;
			buildConfigurations = (
				309E84072C1CE1A9004CDECF /* Debug */,
				309E84082C1CE1A9004CDECF /* Release */,
			);
			defaultConfigurationIsVisible = 0;
			defaultConfigurationName = Release;
		};
		309E84092C1CE1A9004CDECF /* Build configuration list for PBXNativeTarget "ScoutVRC" */ = {
			isa = XCConfigurationList;
			buildConfigurations = (
				309E840A2C1CE1A9004CDECF /* Debug */,
				309E840B2C1CE1A9004CDECF /* Release */,
			);
			defaultConfigurationIsVisible = 0;
			defaultConfigurationName = Release;
		};
/* End XCConfigurationList section */

/* Begin XCRemoteSwiftPackageReference section */
		309E84102C1CE2F5004CDECF /* XCRemoteSwiftPackageReference "firebase-ios-sdk" */ = {
			isa = XCRemoteSwiftPackageReference;
			repositoryURL = "https://github.com/firebase/firebase-ios-sdk.git";
			requirement = {
				kind = upToNextMajorVersion;
				minimumVersion = 10.27.0;
			};
		};
/* End XCRemoteSwiftPackageReference section */

/* Begin XCSwiftPackageProductDependency section */
		309E84112C1CE395004CDECF /* FirebaseAuth */ = {
			isa = XCSwiftPackageProductDependency;
			package = 309E84102C1CE2F5004CDECF /* XCRemoteSwiftPackageReference "firebase-ios-sdk" */;
			productName = FirebaseAuth;
		};
		309E84132C1CE395004CDECF /* FirebaseFirestore */ = {
			isa = XCSwiftPackageProductDependency;
			package = 309E84102C1CE2F5004CDECF /* XCRemoteSwiftPackageReference "firebase-ios-sdk" */;
			productName = FirebaseFirestore;
		};
		309E84152C1CE395004CDECF /* FirebaseFirestoreSwift */ = {
			isa = XCSwiftPackageProductDependency;
			package = 309E84102C1CE2F5004CDECF /* XCRemoteSwiftPackageReference "firebase-ios-sdk" */;
			productName = FirebaseFirestoreSwift;
		};
		309E84172C1CE395004CDECF /* FirebaseStorage */ = {
			isa = XCSwiftPackageProductDependency;
			package = 309E84102C1CE2F5004CDECF /* XCRemoteSwiftPackageReference "firebase-ios-sdk" */;
			productName = FirebaseStorage;
		};
/* End XCSwiftPackageProductDependency section */
	};
	rootObject = 309E83F22C1CE1A7004CDECF /* Project object */;
}
